
Microsoft Visual Studio Solution File, Format Version 12.00
# Visual Studio Version 17
VisualStudioVersion = 17.10.35004.147
MinimumVisualStudioVersion = 10.0.40219.1
Project("{9A19103F-16F7-4668-BE54-9A1E7A4F7556}") = "ProductAPI", "ProductAPI.csproj", "{BB395DD5-613C-40FD-8875-8CBB8CDC0A36}"
	ProjectSection(ProjectDependencies) = postProject
		{65E9E3E0-611B-42D6-ACC0-69CAA458E50A} = {65E9E3E0-611B-42D6-ACC0-69CAA458E50A}
		{A63E5D3A-6EBC-40D4-BC78-B67A37940D6F} = {A63E5D3A-6EBC-40D4-BC78-B67A37940D6F}
		{D18DC770-3050-4E39-937A-F8A66FD58398} = {D18DC770-3050-4E39-937A-F8A66FD58398}
	EndProjectSection
EndProject
Project("{FAE04EC0-301F-11D3-BF4B-00C04F79EFBC}") = "Domain", "..\Domain\Domain.csproj", "{D18DC770-3050-4E39-937A-F8A66FD58398}"
EndProject
Project("{FAE04EC0-301F-11D3-BF4B-00C04F79EFBC}") = "Infrastructure", "..\Infrastructure\Infrastructure.csproj", "{A63E5D3A-6EBC-40D4-BC78-B67A37940D6F}"
EndProject
Project("{FAE04EC0-301F-11D3-BF4B-00C04F79EFBC}") = "ApplicationService", "..\ApplicationService\ApplicationService.csproj", "{65E9E3E0-611B-42D6-ACC0-69CAA458E50A}"
EndProject
Global
	GlobalSection(SolutionConfigurationPlatforms) = preSolution
		Debug|Any CPU = Debug|Any CPU
		Release|Any CPU = Release|Any CPU
	EndGlobalSection
	GlobalSection(ProjectConfigurationPlatforms) = postSolution
		{BB395DD5-613C-40FD-8875-8CBB8CDC0A36}.Debug|Any CPU.ActiveCfg = Debug|Any CPU
		{BB395DD5-613C-40FD-8875-8CBB8CDC0A36}.Debug|Any CPU.Build.0 = Debug|Any CPU
		{BB395DD5-613C-40FD-8875-8CBB8CDC0A36}.Release|Any CPU.ActiveCfg = Release|Any CPU
		{BB395DD5-613C-40FD-8875-8CBB8CDC0A36}.Release|Any CPU.Build.0 = Release|Any CPU
		{D18DC770-3050-4E39-937A-F8A66FD58398}.Debug|Any CPU.ActiveCfg = Debug|Any CPU
		{D18DC770-3050-4E39-937A-F8A66FD58398}.Debug|Any CPU.Build.0 = Debug|Any CPU
		{D18DC770-3050-4E39-937A-F8A66FD58398}.Release|Any CPU.ActiveCfg = Release|Any CPU
		{D18DC770-3050-4E39-937A-F8A66FD58398}.Release|Any CPU.Build.0 = Release|Any CPU
		{A63E5D3A-6EBC-40D4-BC78-B67A37940D6F}.Debug|Any CPU.ActiveCfg = Debug|Any CPU
		{A63E5D3A-6EBC-40D4-BC78-B67A37940D6F}.Debug|Any CPU.Build.0 = Debug|Any CPU
		{A63E5D3A-6EBC-40D4-BC78-B67A37940D6F}.Release|Any CPU.ActiveCfg = Release|Any CPU
		{A63E5D3A-6EBC-40D4-BC78-B67A37940D6F}.Release|Any CPU.Build.0 = Release|Any CPU
		{65E9E3E0-611B-42D6-ACC0-69CAA458E50A}.Debug|Any CPU.ActiveCfg = Debug|Any CPU
		{65E9E3E0-611B-42D6-ACC0-69CAA458E50A}.Debug|Any CPU.Build.0 = Debug|Any CPU
		{65E9E3E0-611B-42D6-ACC0-69CAA458E50A}.Release|Any CPU.ActiveCfg = Release|Any CPU
		{65E9E3E0-611B-42D6-ACC0-69CAA458E50A}.Release|Any CPU.Build.0 = Release|Any CPU
	EndGlobalSection
	GlobalSection(SolutionProperties) = preSolution
		HideSolutionNode = FALSE
	EndGlobalSection
	GlobalSection(ExtensibilityGlobals) = postSolution
		SolutionGuid = {4E5F1893-DA96-4850-9480-AD73735C889D}
	EndGlobalSection
EndGlobal
